
Microsoft Visual Studio Solution File, Format Version 12.00
# Visual Studio Version 17
VisualStudioVersion = 17.9.34714.143
MinimumVisualStudioVersion = 10.0.40219.1
Project("{FAE04EC0-301F-11D3-BF4B-00C04F79EFBC}") = "Picture Viewer", "Picture Viewer\Picture Viewer.csproj", "{69C6A99D-07EF-45DF-8AFF-A63EB48AE6ED}"
EndProject
Global
	GlobalSection(SolutionConfigurationPlatforms) = preSolution
		Debug|Any CPU = Debug|Any CPU
		Release|Any CPU = Release|Any CPU
	EndGlobalSection
	GlobalSection(ProjectConfigurationPlatforms) = postSolution
		{69C6A99D-07EF-45DF-8AFF-A63EB48AE6ED}.Debug|Any CPU.ActiveCfg = Debug|Any CPU
		{69C6A99D-07EF-45DF-8AFF-A63EB48AE6ED}.Debug|Any CPU.Build.0 = Debug|Any CPU
		{69C6A99D-07EF-45DF-8AFF-A63EB48AE6ED}.Release|Any CPU.ActiveCfg = Release|Any CPU
		{69C6A99D-07EF-45DF-8AFF-A63EB48AE6ED}.Release|Any CPU.Build.0 = Release|Any CPU
	EndGlobalSection
	GlobalSection(SolutionProperties) = preSolution
		HideSolutionNode = FALSE
	EndGlobalSection
	GlobalSection(ExtensibilityGlobals) = postSolution
		SolutionGuid = {90204698-F304-488F-8515-A04FDBAD0E78}
	EndGlobalSection
EndGlobal
